
Microsoft Visual Studio Solution File, Format Version 12.00
Project("{FAE04EC0-301F-11D3-BF4B-00C04F79EFBC}") = "WhoIsFastest-Serialization", "WhoIsFastest-Serialization\WhoIsFastest-Serialization.csproj", "{A3791091-0E46-41BF-8967-095C0BD32EE5}"
EndProject
Project("{FAE04EC0-301F-11D3-BF4B-00C04F79EFBC}") = "WhoIsFastest-Serialization.Tests", "WhoIsFastest-Serialization.Tests\WhoIsFastest-Serialization.Tests.csproj", "{4C5566E6-1CD3-450C-A2DB-4459F281A3AD}"
EndProject
Global
	GlobalSection(SolutionConfigurationPlatforms) = preSolution
		Debug|Any CPU = Debug|Any CPU
		Release|Any CPU = Release|Any CPU
	EndGlobalSection
	GlobalSection(ProjectConfigurationPlatforms) = postSolution
		{A3791091-0E46-41BF-8967-095C0BD32EE5}.Debug|Any CPU.ActiveCfg = Debug|Any CPU
		{A3791091-0E46-41BF-8967-095C0BD32EE5}.Debug|Any CPU.Build.0 = Debug|Any CPU
		{A3791091-0E46-41BF-8967-095C0BD32EE5}.Release|Any CPU.ActiveCfg = Release|Any CPU
		{A3791091-0E46-41BF-8967-095C0BD32EE5}.Release|Any CPU.Build.0 = Release|Any CPU
		{4C5566E6-1CD3-450C-A2DB-4459F281A3AD}.Debug|Any CPU.ActiveCfg = Debug|Any CPU
		{4C5566E6-1CD3-450C-A2DB-4459F281A3AD}.Debug|Any CPU.Build.0 = Debug|Any CPU
		{4C5566E6-1CD3-450C-A2DB-4459F281A3AD}.Release|Any CPU.ActiveCfg = Release|Any CPU
		{4C5566E6-1CD3-450C-A2DB-4459F281A3AD}.Release|Any CPU.Build.0 = Release|Any CPU
	EndGlobalSection
EndGlobal
